
Microsoft Visual Studio Solution File, Format Version 12.00
Project("{FAE04EC0-301F-11D3-BF4B-00C04F79EFBC}") = "et3 challenge", "et3 challenge.csproj", "{42A01D1D-65AF-4CC0-9793-9C0A4F4FAD5A}"
EndProject
Global
	GlobalSection(SolutionConfigurationPlatforms) = preSolution
		Debug|Any CPU = Debug|Any CPU
		Release|Any CPU = Release|Any CPU
	EndGlobalSection
	GlobalSection(ProjectConfigurationPlatforms) = postSolution
		{42A01D1D-65AF-4CC0-9793-9C0A4F4FAD5A}.Debug|Any CPU.ActiveCfg = Debug|Any CPU
		{42A01D1D-65AF-4CC0-9793-9C0A4F4FAD5A}.Debug|Any CPU.Build.0 = Debug|Any CPU
		{42A01D1D-65AF-4CC0-9793-9C0A4F4FAD5A}.Release|Any CPU.ActiveCfg = Release|Any CPU
		{42A01D1D-65AF-4CC0-9793-9C0A4F4FAD5A}.Release|Any CPU.Build.0 = Release|Any CPU
	EndGlobalSection
EndGlobal
